// !$*UTF8*$!
{
	archiveVersion = 1;
	classes = {
	};
	objectVersion = 46;
	objects = {

/* Begin PBXAggregateTarget section */
		9DDC50F8AC974D5DA888E7F6 /* ZERO_CHECK */ = {
			isa = PBXAggregateTarget;
			buildConfigurationList = 22208FC6EB7B4AACAD0A56E5 /* Build configuration list for PBXAggregateTarget "ZERO_CHECK" */;
			buildPhases = (
				85B9B3C46CA84BD69D61935B /* CMake Rules */,
			);
			dependencies = (
			);
			name = ZERO_CHECK;
			productName = ZERO_CHECK;
		};
		EE3E588AD6CC4C3F84EBEBC7 /* ALL_BUILD */ = {
			isa = PBXAggregateTarget;
			buildConfigurationList = FEFBD7CAD4B74EA4B2494278 /* Build configuration list for PBXAggregateTarget "ALL_BUILD" */;
			buildPhases = (
				A11AFC9C81484A8BBE4A358F /* CMake Rules */,
			);
			dependencies = (
				753EF015D2814ACFBF0576B2 /* PBXTargetDependency */,
				FF15A855A5D943B6A37CAFB6 /* PBXTargetDependency */,
			);
			name = ALL_BUILD;
			productName = ALL_BUILD;
		};
/* End PBXAggregateTarget section */

/* Begin PBXBuildFile section */
		2A34098E217548B5A7F59DD9 /* particle_filter.cpp in Sources */ = {isa = PBXBuildFile; fileRef = 3367D4446A06472ABC14CCE6 /* particle_filter.cpp */; };
		F63E443614D1482FBCE84589 /* main.cpp in Sources */ = {isa = PBXBuildFile; fileRef = 8F870E2EF53442B5AA352E9F /* main.cpp */; };
/* End PBXBuildFile section */

/* Begin PBXContainerItemProxy section */
		4C0FB6D8A98542468F2C83BB /* PBXContainerItemProxy */ = {
			isa = PBXContainerItemProxy;
			containerPortal = 76405CB09F1346BEB483E334 /* Project object */;
			proxyType = 1;
			remoteGlobalIDString = 4BF419DA66764151A8761A85;
			remoteInfo = particle_filter;
		};
		A21754275F7245D0B0FAE9CC /* PBXContainerItemProxy */ = {
			isa = PBXContainerItemProxy;
			containerPortal = 76405CB09F1346BEB483E334 /* Project object */;
			proxyType = 1;
			remoteGlobalIDString = 9DDC50F8AC974D5DA888E7F6;
			remoteInfo = ZERO_CHECK;
		};
		F73F4BC68CD54E1A82CD26F6 /* PBXContainerItemProxy */ = {
			isa = PBXContainerItemProxy;
			containerPortal = 76405CB09F1346BEB483E334 /* Project object */;
			proxyType = 1;
			remoteGlobalIDString = 9DDC50F8AC974D5DA888E7F6;
			remoteInfo = ZERO_CHECK;
		};
/* End PBXContainerItemProxy section */

/* Begin PBXFileReference section */
		3367D4446A06472ABC14CCE6 /* particle_filter.cpp */ = {isa = PBXFileReference; explicitFileType = sourcecode.cpp.cpp; fileEncoding = 4; name = particle_filter.cpp; path = src/particle_filter.cpp; sourceTree = SOURCE_ROOT; };
		3BB1B670213A1D5200EDE300 /* helper_functions.h */ = {isa = PBXFileReference; fileEncoding = 4; lastKnownFileType = sourcecode.c.h; name = helper_functions.h; path = src/helper_functions.h; sourceTree = "<group>"; };
		3BB1B671213A1D6200EDE300 /* particle_filter.h */ = {isa = PBXFileReference; fileEncoding = 4; lastKnownFileType = sourcecode.c.h; name = particle_filter.h; path = src/particle_filter.h; sourceTree = "<group>"; };
		3BB1B672213A1D6E00EDE300 /* json.hpp */ = {isa = PBXFileReference; fileEncoding = 4; lastKnownFileType = sourcecode.cpp.h; name = json.hpp; path = src/json.hpp; sourceTree = "<group>"; };
		3BB1B673213A1D8600EDE300 /* map.h */ = {isa = PBXFileReference; fileEncoding = 4; lastKnownFileType = sourcecode.c.h; name = map.h; path = src/map.h; sourceTree = "<group>"; };
		57E4699F33864A74AC2EB2F3 /* CMakeLists.txt */ = {isa = PBXFileReference; explicitFileType = sourcecode.text; fileEncoding = 4; lastKnownFileType = text; path = CMakeLists.txt; sourceTree = SOURCE_ROOT; };
		5A75A9C350C9470F82069882 /* CMakeLists.txt */ = {isa = PBXFileReference; explicitFileType = sourcecode.text; fileEncoding = 4; lastKnownFileType = text; path = CMakeLists.txt; sourceTree = SOURCE_ROOT; };
		7442A4DE590B42D7BA6F9196 /* particle_filter */ = {isa = PBXFileReference; explicitFileType = "compiled.mach-o.executable"; path = particle_filter; sourceTree = BUILT_PRODUCTS_DIR; };
		8F870E2EF53442B5AA352E9F /* main.cpp */ = {isa = PBXFileReference; explicitFileType = sourcecode.cpp.cpp; fileEncoding = 4; name = main.cpp; path = src/main.cpp; sourceTree = SOURCE_ROOT; };
/* End PBXFileReference section */

/* Begin PBXGroup section */
		149B280D615D4021B6B2602B /* Products */ = {
			isa = PBXGroup;
			children = (
				7442A4DE590B42D7BA6F9196 /* particle_filter */,
			);
			name = Products;
			sourceTree = "<group>";
		};
		3BB1B66F213A1D4200EDE300 /* Header Files */ = {
			isa = PBXGroup;
			children = (
				3BB1B673213A1D8600EDE300 /* map.h */,
				3BB1B672213A1D6E00EDE300 /* json.hpp */,
				3BB1B671213A1D6200EDE300 /* particle_filter.h */,
				3BB1B670213A1D5200EDE300 /* helper_functions.h */,
			);
			name = "Header Files";
			sourceTree = "<group>";
		};
		4B972E926D9C49CB8D1A01C9 = {
			isa = PBXGroup;
			children = (
				70164646A088450F90A54F49 /* particle_filter */,
				5917B85819A24F8FA4DFB1A8 /* ALL_BUILD */,
				149B280D615D4021B6B2602B /* Products */,
			);
			sourceTree = "<group>";
		};
		558C75F7C9984429B98CAE0C /* Source Files */ = {
			isa = PBXGroup;
			children = (
				8F870E2EF53442B5AA352E9F /* main.cpp */,
				3367D4446A06472ABC14CCE6 /* particle_filter.cpp */,
			);
			name = "Source Files";
			sourceTree = "<group>";
		};
		5917B85819A24F8FA4DFB1A8 /* ALL_BUILD */ = {
			isa = PBXGroup;
			children = (
				BECE6032FA3741DDA84367AB /* CMake Rules */,
				57E4699F33864A74AC2EB2F3 /* CMakeLists.txt */,
			);
			name = ALL_BUILD;
			sourceTree = "<group>";
		};
		70164646A088450F90A54F49 /* particle_filter */ = {
			isa = PBXGroup;
			children = (
				3BB1B66F213A1D4200EDE300 /* Header Files */,
				558C75F7C9984429B98CAE0C /* Source Files */,
				5A75A9C350C9470F82069882 /* CMakeLists.txt */,
			);
			name = particle_filter;
			sourceTree = "<group>";
		};
		BECE6032FA3741DDA84367AB /* CMake Rules */ = {
			isa = PBXGroup;
			children = (
			);
			name = "CMake Rules";
			sourceTree = "<group>";
		};
/* End PBXGroup section */

/* Begin PBXNativeTarget section */
		4BF419DA66764151A8761A85 /* particle_filter */ = {
			isa = PBXNativeTarget;
			buildConfigurationList = A874667E937A4DA7AB07F96A /* Build configuration list for PBXNativeTarget "particle_filter" */;
			buildPhases = (
				097E440EB57240A387F32B24 /* Sources */,
			);
			buildRules = (
			);
			dependencies = (
				B559A7D5C3B041158712CD9E /* PBXTargetDependency */,
			);
			name = particle_filter;
			productName = particle_filter;
			productReference = 7442A4DE590B42D7BA6F9196 /* particle_filter */;
			productType = "com.apple.product-type.tool";
		};
/* End PBXNativeTarget section */

/* Begin PBXProject section */
		76405CB09F1346BEB483E334 /* Project object */ = {
			isa = PBXProject;
			attributes = {
				BuildIndependentTargetsInParallel = YES;
				LastUpgradeCheck = 0940;
			};
			buildConfigurationList = 3538877EBC984F6990CE026B /* Build configuration list for PBXProject "PARTICLE_FILTER" */;
			compatibilityVersion = "Xcode 3.2";
			developmentRegion = en;
			hasScannedForEncodings = 0;
			knownRegions = (
				en,
			);
			mainGroup = 4B972E926D9C49CB8D1A01C9;
			projectDirPath = ../../;
			projectRoot = "";
			targets = (
				EE3E588AD6CC4C3F84EBEBC7 /* ALL_BUILD */,
				9DDC50F8AC974D5DA888E7F6 /* ZERO_CHECK */,
				4BF419DA66764151A8761A85 /* particle_filter */,
			);
		};
/* End PBXProject section */

/* Begin PBXShellScriptBuildPhase section */
		85B9B3C46CA84BD69D61935B /* CMake Rules */ = {
			isa = PBXShellScriptBuildPhase;
			buildActionMask = 2147483647;
			files = (
			);
			name = "CMake Rules";
			runOnlyForDeploymentPostprocessing = 0;
			shellPath = /bin/sh;
			shellScript = "make -C /Users/kinji/OneDrive/ドキュメント/04\\ Documents/Private/Mooc/Udacity/SDCND/Term2/CarND-Kidnapped-Vehicle-Project/ide_profiles/xcode -f /Users/kinji/OneDrive/ドキュメント/04\\ Documents/Private/Mooc/Udacity/SDCND/Term2/CarND-Kidnapped-Vehicle-Project/ide_profiles/xcode/CMakeScripts/ZERO_CHECK_cmakeRulesBuildPhase.make$CONFIGURATION all";
			showEnvVarsInLog = 0;
		};
		A11AFC9C81484A8BBE4A358F /* CMake Rules */ = {
			isa = PBXShellScriptBuildPhase;
			buildActionMask = 2147483647;
			files = (
			);
			name = "CMake Rules";
			runOnlyForDeploymentPostprocessing = 0;
			shellPath = /bin/sh;
			shellScript = "make -C /Users/kinji/OneDrive/ドキュメント/04\\ Documents/Private/Mooc/Udacity/SDCND/Term2/CarND-Kidnapped-Vehicle-Project/ide_profiles/xcode -f /Users/kinji/OneDrive/ドキュメント/04\\ Documents/Private/Mooc/Udacity/SDCND/Term2/CarND-Kidnapped-Vehicle-Project/ide_profiles/xcode/CMakeScripts/ALL_BUILD_cmakeRulesBuildPhase.make$CONFIGURATION all";
			showEnvVarsInLog = 0;
		};
/* End PBXShellScriptBuildPhase section */

/* Begin PBXSourcesBuildPhase section */
		097E440EB57240A387F32B24 /* Sources */ = {
			isa = PBXSourcesBuildPhase;
			buildActionMask = 2147483647;
			files = (
				F63E443614D1482FBCE84589 /* main.cpp in Sources */,
				2A34098E217548B5A7F59DD9 /* particle_filter.cpp in Sources */,
			);
			runOnlyForDeploymentPostprocessing = 0;
		};
/* End PBXSourcesBuildPhase section */

/* Begin PBXTargetDependency section */
		753EF015D2814ACFBF0576B2 /* PBXTargetDependency */ = {
			isa = PBXTargetDependency;
			target = 4BF419DA66764151A8761A85 /* particle_filter */;
			targetProxy = 4C0FB6D8A98542468F2C83BB /* PBXContainerItemProxy */;
		};
		B559A7D5C3B041158712CD9E /* PBXTargetDependency */ = {
			isa = PBXTargetDependency;
			target = 9DDC50F8AC974D5DA888E7F6 /* ZERO_CHECK */;
			targetProxy = A21754275F7245D0B0FAE9CC /* PBXContainerItemProxy */;
		};
		FF15A855A5D943B6A37CAFB6 /* PBXTargetDependency */ = {
			isa = PBXTargetDependency;
			target = 9DDC50F8AC974D5DA888E7F6 /* ZERO_CHECK */;
			targetProxy = F73F4BC68CD54E1A82CD26F6 /* PBXContainerItemProxy */;
		};
/* End PBXTargetDependency section */

/* Begin XCBuildConfiguration section */
		15EA4BAF4F80454A8411CB54 /* RelWithDebInfo */ = {
			isa = XCBuildConfiguration;
			buildSettings = {
				COMBINE_HIDPI_IMAGES = YES;
				EXECUTABLE_PREFIX = "";
				EXECUTABLE_SUFFIX = "";
				GCC_GENERATE_DEBUGGING_SYMBOLS = YES;
				GCC_INLINES_ARE_PRIVATE_EXTERN = NO;
				GCC_OPTIMIZATION_LEVEL = 2;
				GCC_PREPROCESSOR_DEFINITIONS = "'CMAKE_INTDIR=\"$(CONFIGURATION)$(EFFECTIVE_PLATFORM_NAME)\"'";
				GCC_SYMBOLS_PRIVATE_EXTERN = NO;
				HEADER_SEARCH_PATHS = (
					/usr/local/include,
					/usr/local/opt/openssl/include,
				);
				INSTALL_PATH = "";
				LD_RUNPATH_SEARCH_PATHS = "/usr/local/lib /usr/local/opt/openssl/lib /usr/local/Cellar/libuv/1*/lib";
				LIBRARY_SEARCH_PATHS = (
					"/usr/local/lib/$(CONFIGURATION)$(EFFECTIVE_PLATFORM_NAME)",
					/usr/local/lib,
					"/usr/local/opt/openssl/lib/$(CONFIGURATION)$(EFFECTIVE_PLATFORM_NAME)",
					/usr/local/opt/openssl/lib,
					"/usr/local/Cellar/libuv/1*/lib/$(CONFIGURATION)$(EFFECTIVE_PLATFORM_NAME)",
					"/usr/local/Cellar/libuv/1*/lib",
				);
				OTHER_CPLUSPLUSFLAGS = (
					"-Wall",
					"-DNDEBUG",
					"-std=c++11",
				);
				OTHER_LDFLAGS = (
					"-Wl,-search_paths_first",
					"-Wl,-headerpad_max_install_names",
					"-lz",
					"-lssl",
					"-luv",
					"-luWS",
				);
				OTHER_REZFLAGS = "";
				PRODUCT_NAME = particle_filter;
				SECTORDER_FLAGS = "";
				SYMROOT = "/Users/kinji/OneDrive/ドキュメント/04 Documents/Private/Mooc/Udacity/SDCND/Term2/CarND-Kidnapped-Vehicle-Project/ide_profiles/xcode";
				USE_HEADERMAP = NO;
				WARNING_CFLAGS = (
					"-Wmost",
					"-Wno-four-char-constants",
					"-Wno-unknown-pragmas",
					"$(inherited)",
				);
			};
			name = RelWithDebInfo;
		};
		1BD6BC1653824EB984F2B7E8 /* Debug */ = {
			isa = XCBuildConfiguration;
			buildSettings = {
				COMBINE_HIDPI_IMAGES = YES;
				EXECUTABLE_PREFIX = "";
				EXECUTABLE_SUFFIX = "";
				GCC_GENERATE_DEBUGGING_SYMBOLS = YES;
				GCC_INLINES_ARE_PRIVATE_EXTERN = NO;
				GCC_OPTIMIZATION_LEVEL = 0;
				GCC_PREPROCESSOR_DEFINITIONS = "'CMAKE_INTDIR=\"$(CONFIGURATION)$(EFFECTIVE_PLATFORM_NAME)\"'";
				GCC_SYMBOLS_PRIVATE_EXTERN = NO;
				HEADER_SEARCH_PATHS = (
					/usr/local/include,
					/usr/local/opt/openssl/include,
				);
				INSTALL_PATH = "";
				LD_RUNPATH_SEARCH_PATHS = "/usr/local/lib /usr/local/opt/openssl/lib /usr/local/Cellar/libuv/1*/lib";
				LIBRARY_SEARCH_PATHS = (
					"/usr/local/lib/$(CONFIGURATION)$(EFFECTIVE_PLATFORM_NAME)",
					/usr/local/lib,
					"/usr/local/opt/openssl/lib/$(CONFIGURATION)$(EFFECTIVE_PLATFORM_NAME)",
					/usr/local/opt/openssl/lib,
					"/usr/local/Cellar/libuv/1*/lib/$(CONFIGURATION)$(EFFECTIVE_PLATFORM_NAME)",
					"/usr/local/Cellar/libuv/1*/lib",
				);
				OTHER_CPLUSPLUSFLAGS = (
					"-Wall",
					"-std=c++11",
				);
				OTHER_LDFLAGS = (
					"-Wl,-search_paths_first",
					"-Wl,-headerpad_max_install_names",
					"-lz",
					"-lssl",
					"-luv",
					"-luWS",
				);
				OTHER_REZFLAGS = "";
				PRODUCT_NAME = particle_filter;
				SECTORDER_FLAGS = "";
				SYMROOT = "/Users/kinji/OneDrive/ドキュメント/04 Documents/Private/Mooc/Udacity/SDCND/Term2/CarND-Kidnapped-Vehicle-Project/ide_profiles/xcode";
				USE_HEADERMAP = NO;
				WARNING_CFLAGS = (
					"-Wmost",
					"-Wno-four-char-constants",
					"-Wno-unknown-pragmas",
					"$(inherited)",
				);
			};
			name = Debug;
		};
		4806E2DE1BFF4633B5451593 /* MinSizeRel */ = {
			isa = XCBuildConfiguration;
			buildSettings = {
				COMBINE_HIDPI_IMAGES = YES;
				EXECUTABLE_PREFIX = "";
				EXECUTABLE_SUFFIX = "";
				GCC_GENERATE_DEBUGGING_SYMBOLS = NO;
				GCC_INLINES_ARE_PRIVATE_EXTERN = NO;
				GCC_OPTIMIZATION_LEVEL = s;
				GCC_PREPROCESSOR_DEFINITIONS = "'CMAKE_INTDIR=\"$(CONFIGURATION)$(EFFECTIVE_PLATFORM_NAME)\"'";
				GCC_SYMBOLS_PRIVATE_EXTERN = NO;
				HEADER_SEARCH_PATHS = (
					/usr/local/include,
					/usr/local/opt/openssl/include,
				);
				INSTALL_PATH = "";
				LD_RUNPATH_SEARCH_PATHS = "/usr/local/lib /usr/local/opt/openssl/lib /usr/local/Cellar/libuv/1*/lib";
				LIBRARY_SEARCH_PATHS = (
					"/usr/local/lib/$(CONFIGURATION)$(EFFECTIVE_PLATFORM_NAME)",
					/usr/local/lib,
					"/usr/local/opt/openssl/lib/$(CONFIGURATION)$(EFFECTIVE_PLATFORM_NAME)",
					/usr/local/opt/openssl/lib,
					"/usr/local/Cellar/libuv/1*/lib/$(CONFIGURATION)$(EFFECTIVE_PLATFORM_NAME)",
					"/usr/local/Cellar/libuv/1*/lib",
				);
				OTHER_CPLUSPLUSFLAGS = (
					"-Wall",
					"-DNDEBUG",
					"-std=c++11",
				);
				OTHER_LDFLAGS = (
					"-Wl,-search_paths_first",
					"-Wl,-headerpad_max_install_names",
					"-lz",
					"-lssl",
					"-luv",
					"-luWS",
				);
				OTHER_REZFLAGS = "";
				PRODUCT_NAME = particle_filter;
				SECTORDER_FLAGS = "";
				SYMROOT = "/Users/kinji/OneDrive/ドキュメント/04 Documents/Private/Mooc/Udacity/SDCND/Term2/CarND-Kidnapped-Vehicle-Project/ide_profiles/xcode";
				USE_HEADERMAP = NO;
				WARNING_CFLAGS = (
					"-Wmost",
					"-Wno-four-char-constants",
					"-Wno-unknown-pragmas",
					"$(inherited)",
				);
			};
			name = MinSizeRel;
		};
		5F916802DAD14B699EDAE8B6 /* MinSizeRel */ = {
			isa = XCBuildConfiguration;
			buildSettings = {
				COMBINE_HIDPI_IMAGES = YES;
				GCC_GENERATE_DEBUGGING_SYMBOLS = YES;
				GCC_INLINES_ARE_PRIVATE_EXTERN = NO;
				GCC_OPTIMIZATION_LEVEL = 0;
				GCC_PREPROCESSOR_DEFINITIONS = "'CMAKE_INTDIR=\"$(CONFIGURATION)$(EFFECTIVE_PLATFORM_NAME)\"'";
				GCC_SYMBOLS_PRIVATE_EXTERN = NO;
				INSTALL_PATH = "";
				OTHER_LDFLAGS = " ";
				OTHER_REZFLAGS = "";
				PRODUCT_NAME = ALL_BUILD;
				SECTORDER_FLAGS = "";
				SYMROOT = "/Users/kinji/OneDrive/ドキュメント/04 Documents/Private/Mooc/Udacity/SDCND/Term2/CarND-Kidnapped-Vehicle-Project/ide_profiles/xcode";
				USE_HEADERMAP = NO;
				WARNING_CFLAGS = (
					"-Wmost",
					"-Wno-four-char-constants",
					"-Wno-unknown-pragmas",
					"$(inherited)",
				);
			};
			name = MinSizeRel;
		};
		619CFF8A48E94E94B2F2992C /* RelWithDebInfo */ = {
			isa = XCBuildConfiguration;
			buildSettings = {
				ONLY_ACTIVE_ARCH = YES;
				SDKROOT = /Applications/Xcode.app/Contents/Developer/Platforms/MacOSX.platform/Developer/SDKs/MacOSX10.13.sdk;
				SYMROOT = "/Users/kinji/OneDrive/ドキュメント/04 Documents/Private/Mooc/Udacity/SDCND/Term2/CarND-Kidnapped-Vehicle-Project/ide_profiles/xcode/build";
			};
			name = RelWithDebInfo;
		};
		68F6EB14F48F460C8440D6CA /* Release */ = {
			isa = XCBuildConfiguration;
			buildSettings = {
				COMBINE_HIDPI_IMAGES = YES;
				GCC_GENERATE_DEBUGGING_SYMBOLS = YES;
				GCC_INLINES_ARE_PRIVATE_EXTERN = NO;
				GCC_OPTIMIZATION_LEVEL = 0;
				GCC_PREPROCESSOR_DEFINITIONS = "'CMAKE_INTDIR=\"$(CONFIGURATION)$(EFFECTIVE_PLATFORM_NAME)\"'";
				GCC_SYMBOLS_PRIVATE_EXTERN = NO;
				INSTALL_PATH = "";
				OTHER_LDFLAGS = " ";
				OTHER_REZFLAGS = "";
				PRODUCT_NAME = ALL_BUILD;
				SECTORDER_FLAGS = "";
				SYMROOT = "/Users/kinji/OneDrive/ドキュメント/04 Documents/Private/Mooc/Udacity/SDCND/Term2/CarND-Kidnapped-Vehicle-Project/ide_profiles/xcode";
				USE_HEADERMAP = NO;
				WARNING_CFLAGS = (
					"-Wmost",
					"-Wno-four-char-constants",
					"-Wno-unknown-pragmas",
					"$(inherited)",
				);
			};
			name = Release;
		};
		6E6F0527C1F349B691F4580E /* Release */ = {
			isa = XCBuildConfiguration;
			buildSettings = {
				ONLY_ACTIVE_ARCH = YES;
				SDKROOT = /Applications/Xcode.app/Contents/Developer/Platforms/MacOSX.platform/Developer/SDKs/MacOSX10.13.sdk;
				SYMROOT = "/Users/kinji/OneDrive/ドキュメント/04 Documents/Private/Mooc/Udacity/SDCND/Term2/CarND-Kidnapped-Vehicle-Project/ide_profiles/xcode/build";
			};
			name = Release;
		};
		74AB5BB019C949118DEE0D0C /* Release */ = {
			isa = XCBuildConfiguration;
			buildSettings = {
				COMBINE_HIDPI_IMAGES = YES;
				EXECUTABLE_PREFIX = "";
				EXECUTABLE_SUFFIX = "";
				GCC_GENERATE_DEBUGGING_SYMBOLS = NO;
				GCC_INLINES_ARE_PRIVATE_EXTERN = NO;
				GCC_OPTIMIZATION_LEVEL = 3;
				GCC_PREPROCESSOR_DEFINITIONS = "'CMAKE_INTDIR=\"$(CONFIGURATION)$(EFFECTIVE_PLATFORM_NAME)\"'";
				GCC_SYMBOLS_PRIVATE_EXTERN = NO;
				HEADER_SEARCH_PATHS = (
					/usr/local/include,
					/usr/local/opt/openssl/include,
				);
				INSTALL_PATH = "";
				LD_RUNPATH_SEARCH_PATHS = "/usr/local/lib /usr/local/opt/openssl/lib /usr/local/Cellar/libuv/1*/lib";
				LIBRARY_SEARCH_PATHS = (
					"/usr/local/lib/$(CONFIGURATION)$(EFFECTIVE_PLATFORM_NAME)",
					/usr/local/lib,
					"/usr/local/opt/openssl/lib/$(CONFIGURATION)$(EFFECTIVE_PLATFORM_NAME)",
					/usr/local/opt/openssl/lib,
					"/usr/local/Cellar/libuv/1*/lib/$(CONFIGURATION)$(EFFECTIVE_PLATFORM_NAME)",
					"/usr/local/Cellar/libuv/1*/lib",
				);
				OTHER_CPLUSPLUSFLAGS = (
					"-Wall",
					"-DNDEBUG",
					"-std=c++11",
				);
				OTHER_LDFLAGS = (
					"-Wl,-search_paths_first",
					"-Wl,-headerpad_max_install_names",
					"-lz",
					"-lssl",
					"-luv",
					"-luWS",
				);
				OTHER_REZFLAGS = "";
				PRODUCT_NAME = particle_filter;
				SECTORDER_FLAGS = "";
				SYMROOT = "/Users/kinji/OneDrive/ドキュメント/04 Documents/Private/Mooc/Udacity/SDCND/Term2/CarND-Kidnapped-Vehicle-Project/ide_profiles/xcode";
				USE_HEADERMAP = NO;
				WARNING_CFLAGS = (
					"-Wmost",
					"-Wno-four-char-constants",
					"-Wno-unknown-pragmas",
					"$(inherited)",
				);
			};
			name = Release;
		};
		7545655AA1634A3D819F29A4 /* Release */ = {
			isa = XCBuildConfiguration;
			buildSettings = {
				COMBINE_HIDPI_IMAGES = YES;
				GCC_GENERATE_DEBUGGING_SYMBOLS = YES;
				GCC_INLINES_ARE_PRIVATE_EXTERN = NO;
				GCC_OPTIMIZATION_LEVEL = 0;
				GCC_PREPROCESSOR_DEFINITIONS = "'CMAKE_INTDIR=\"$(CONFIGURATION)$(EFFECTIVE_PLATFORM_NAME)\"'";
				GCC_SYMBOLS_PRIVATE_EXTERN = NO;
				INSTALL_PATH = "";
				OTHER_LDFLAGS = " ";
				OTHER_REZFLAGS = "";
				PRODUCT_NAME = ZERO_CHECK;
				SECTORDER_FLAGS = "";
				SYMROOT = "/Users/kinji/OneDrive/ドキュメント/04 Documents/Private/Mooc/Udacity/SDCND/Term2/CarND-Kidnapped-Vehicle-Project/ide_profiles/xcode";
				USE_HEADERMAP = NO;
				WARNING_CFLAGS = (
					"-Wmost",
					"-Wno-four-char-constants",
					"-Wno-unknown-pragmas",
					"$(inherited)",
				);
			};
			name = Release;
		};
		98E4CE088173455DADE7FB50 /* Debug */ = {
			isa = XCBuildConfiguration;
			buildSettings = {
				ONLY_ACTIVE_ARCH = YES;
				SDKROOT = /Applications/Xcode.app/Contents/Developer/Platforms/MacOSX.platform/Developer/SDKs/MacOSX10.13.sdk;
				SYMROOT = "/Users/kinji/OneDrive/ドキュメント/04 Documents/Private/Mooc/Udacity/SDCND/Term2/CarND-Kidnapped-Vehicle-Project/ide_profiles/xcode/build";
			};
			name = Debug;
		};
		9AACDE55197547199BA3CAC2 /* MinSizeRel */ = {
			isa = XCBuildConfiguration;
			buildSettings = {
				ONLY_ACTIVE_ARCH = YES;
				SDKROOT = /Applications/Xcode.app/Contents/Developer/Platforms/MacOSX.platform/Developer/SDKs/MacOSX10.13.sdk;
				SYMROOT = "/Users/kinji/OneDrive/ドキュメント/04 Documents/Private/Mooc/Udacity/SDCND/Term2/CarND-Kidnapped-Vehicle-Project/ide_profiles/xcode/build";
			};
			name = MinSizeRel;
		};
		A47DA9FB3B2F477987B2FDEB /* Debug */ = {
			isa = XCBuildConfiguration;
			buildSettings = {
				COMBINE_HIDPI_IMAGES = YES;
				GCC_GENERATE_DEBUGGING_SYMBOLS = YES;
				GCC_INLINES_ARE_PRIVATE_EXTERN = NO;
				GCC_OPTIMIZATION_LEVEL = 0;
				GCC_PREPROCESSOR_DEFINITIONS = "'CMAKE_INTDIR=\"$(CONFIGURATION)$(EFFECTIVE_PLATFORM_NAME)\"'";
				GCC_SYMBOLS_PRIVATE_EXTERN = NO;
				INSTALL_PATH = "";
				OTHER_LDFLAGS = " ";
				OTHER_REZFLAGS = "";
				PRODUCT_NAME = ALL_BUILD;
				SECTORDER_FLAGS = "";
				SYMROOT = "/Users/kinji/OneDrive/ドキュメント/04 Documents/Private/Mooc/Udacity/SDCND/Term2/CarND-Kidnapped-Vehicle-Project/ide_profiles/xcode";
				USE_HEADERMAP = NO;
				WARNING_CFLAGS = (
					"-Wmost",
					"-Wno-four-char-constants",
					"-Wno-unknown-pragmas",
					"$(inherited)",
				);
			};
			name = Debug;
		};
		C2904249F8B9453ABFBE8F50 /* MinSizeRel */ = {
			isa = XCBuildConfiguration;
			buildSettings = {
				COMBINE_HIDPI_IMAGES = YES;
				GCC_GENERATE_DEBUGGING_SYMBOLS = YES;
				GCC_INLINES_ARE_PRIVATE_EXTERN = NO;
				GCC_OPTIMIZATION_LEVEL = 0;
				GCC_PREPROCESSOR_DEFINITIONS = "'CMAKE_INTDIR=\"$(CONFIGURATION)$(EFFECTIVE_PLATFORM_NAME)\"'";
				GCC_SYMBOLS_PRIVATE_EXTERN = NO;
				INSTALL_PATH = "";
				OTHER_LDFLAGS = " ";
				OTHER_REZFLAGS = "";
				PRODUCT_NAME = ZERO_CHECK;
				SECTORDER_FLAGS = "";
				SYMROOT = "/Users/kinji/OneDrive/ドキュメント/04 Documents/Private/Mooc/Udacity/SDCND/Term2/CarND-Kidnapped-Vehicle-Project/ide_profiles/xcode";
				USE_HEADERMAP = NO;
				WARNING_CFLAGS = (
					"-Wmost",
					"-Wno-four-char-constants",
					"-Wno-unknown-pragmas",
					"$(inherited)",
				);
			};
			name = MinSizeRel;
		};
		D3A4D3C368524F0292AFC51C /* Debug */ = {
			isa = XCBuildConfiguration;
			buildSettings = {
				COMBINE_HIDPI_IMAGES = YES;
				GCC_GENERATE_DEBUGGING_SYMBOLS = YES;
				GCC_INLINES_ARE_PRIVATE_EXTERN = NO;
				GCC_OPTIMIZATION_LEVEL = 0;
				GCC_PREPROCESSOR_DEFINITIONS = "'CMAKE_INTDIR=\"$(CONFIGURATION)$(EFFECTIVE_PLATFORM_NAME)\"'";
				GCC_SYMBOLS_PRIVATE_EXTERN = NO;
				INSTALL_PATH = "";
				OTHER_LDFLAGS = " ";
				OTHER_REZFLAGS = "";
				PRODUCT_NAME = ZERO_CHECK;
				SECTORDER_FLAGS = "";
				SYMROOT = "/Users/kinji/OneDrive/ドキュメント/04 Documents/Private/Mooc/Udacity/SDCND/Term2/CarND-Kidnapped-Vehicle-Project/ide_profiles/xcode";
				USE_HEADERMAP = NO;
				WARNING_CFLAGS = (
					"-Wmost",
					"-Wno-four-char-constants",
					"-Wno-unknown-pragmas",
					"$(inherited)",
				);
			};
			name = Debug;
		};
		D53A7AB2FA7B442FA769AA81 /* RelWithDebInfo */ = {
			isa = XCBuildConfiguration;
			buildSettings = {
				COMBINE_HIDPI_IMAGES = YES;
				GCC_GENERATE_DEBUGGING_SYMBOLS = YES;
				GCC_INLINES_ARE_PRIVATE_EXTERN = NO;
				GCC_OPTIMIZATION_LEVEL = 0;
				GCC_PREPROCESSOR_DEFINITIONS = "'CMAKE_INTDIR=\"$(CONFIGURATION)$(EFFECTIVE_PLATFORM_NAME)\"'";
				GCC_SYMBOLS_PRIVATE_EXTERN = NO;
				INSTALL_PATH = "";
				OTHER_LDFLAGS = " ";
				OTHER_REZFLAGS = "";
				PRODUCT_NAME = ALL_BUILD;
				SECTORDER_FLAGS = "";
				SYMROOT = "/Users/kinji/OneDrive/ドキュメント/04 Documents/Private/Mooc/Udacity/SDCND/Term2/CarND-Kidnapped-Vehicle-Project/ide_profiles/xcode";
				USE_HEADERMAP = NO;
				WARNING_CFLAGS = (
					"-Wmost",
					"-Wno-four-char-constants",
					"-Wno-unknown-pragmas",
					"$(inherited)",
				);
			};
			name = RelWithDebInfo;
		};
		E48773A55106442BAC384307 /* RelWithDebInfo */ = {
			isa = XCBuildConfiguration;
			buildSettings = {
				COMBINE_HIDPI_IMAGES = YES;
				GCC_GENERATE_DEBUGGING_SYMBOLS = YES;
				GCC_INLINES_ARE_PRIVATE_EXTERN = NO;
				GCC_OPTIMIZATION_LEVEL = 0;
				GCC_PREPROCESSOR_DEFINITIONS = "'CMAKE_INTDIR=\"$(CONFIGURATION)$(EFFECTIVE_PLATFORM_NAME)\"'";
				GCC_SYMBOLS_PRIVATE_EXTERN = NO;
				INSTALL_PATH = "";
				OTHER_LDFLAGS = " ";
				OTHER_REZFLAGS = "";
				PRODUCT_NAME = ZERO_CHECK;
				SECTORDER_FLAGS = "";
				SYMROOT = "/Users/kinji/OneDrive/ドキュメント/04 Documents/Private/Mooc/Udacity/SDCND/Term2/CarND-Kidnapped-Vehicle-Project/ide_profiles/xcode";
				USE_HEADERMAP = NO;
				WARNING_CFLAGS = (
					"-Wmost",
					"-Wno-four-char-constants",
					"-Wno-unknown-pragmas",
					"$(inherited)",
				);
			};
			name = RelWithDebInfo;
		};
/* End XCBuildConfiguration section */

/* Begin XCConfigurationList section */
		22208FC6EB7B4AACAD0A56E5 /* Build configuration list for PBXAggregateTarget "ZERO_CHECK" */ = {
			isa = XCConfigurationList;
			buildConfigurations = (
				D3A4D3C368524F0292AFC51C /* Debug */,
				7545655AA1634A3D819F29A4 /* Release */,
				C2904249F8B9453ABFBE8F50 /* MinSizeRel */,
				E48773A55106442BAC384307 /* RelWithDebInfo */,
			);
			defaultConfigurationIsVisible = 0;
			defaultConfigurationName = Debug;
		};
		3538877EBC984F6990CE026B /* Build configuration list for PBXProject "PARTICLE_FILTER" */ = {
			isa = XCConfigurationList;
			buildConfigurations = (
				98E4CE088173455DADE7FB50 /* Debug */,
				6E6F0527C1F349B691F4580E /* Release */,
				9AACDE55197547199BA3CAC2 /* MinSizeRel */,
				619CFF8A48E94E94B2F2992C /* RelWithDebInfo */,
			);
			defaultConfigurationIsVisible = 0;
			defaultConfigurationName = Debug;
		};
		A874667E937A4DA7AB07F96A /* Build configuration list for PBXNativeTarget "particle_filter" */ = {
			isa = XCConfigurationList;
			buildConfigurations = (
				1BD6BC1653824EB984F2B7E8 /* Debug */,
				74AB5BB019C949118DEE0D0C /* Release */,
				4806E2DE1BFF4633B5451593 /* MinSizeRel */,
				15EA4BAF4F80454A8411CB54 /* RelWithDebInfo */,
			);
			defaultConfigurationIsVisible = 0;
			defaultConfigurationName = Debug;
		};
		FEFBD7CAD4B74EA4B2494278 /* Build configuration list for PBXAggregateTarget "ALL_BUILD" */ = {
			isa = XCConfigurationList;
			buildConfigurations = (
				A47DA9FB3B2F477987B2FDEB /* Debug */,
				68F6EB14F48F460C8440D6CA /* Release */,
				5F916802DAD14B699EDAE8B6 /* MinSizeRel */,
				D53A7AB2FA7B442FA769AA81 /* RelWithDebInfo */,
			);
			defaultConfigurationIsVisible = 0;
			defaultConfigurationName = Debug;
		};
/* End XCConfigurationList section */
	};
	rootObject = 76405CB09F1346BEB483E334 /* Project object */;
}
